
Microsoft Visual Studio Solution File, Format Version 12.00
# Visual Studio Version 17
VisualStudioVersion = 17.0.32014.148
MinimumVisualStudioVersion = 10.0.40219.1
Project("{FAE04EC0-301F-11D3-BF4B-00C04F79EFBC}") = "WebApiAutores", "WebApiAutores\WebApiAutores.csproj", "{BBA58550-AD1F-402C-ACE4-32A531934745}"
EndProject
Global
	GlobalSection(SolutionConfigurationPlatforms) = preSolution
		Debug|Any CPU = Debug|Any CPU
		Release|Any CPU = Release|Any CPU
	EndGlobalSection
	GlobalSection(ProjectConfigurationPlatforms) = postSolution
		{BBA58550-AD1F-402C-ACE4-32A531934745}.Debug|Any CPU.ActiveCfg = Debug|Any CPU
		{BBA58550-AD1F-402C-ACE4-32A531934745}.Debug|Any CPU.Build.0 = Debug|Any CPU
		{BBA58550-AD1F-402C-ACE4-32A531934745}.Release|Any CPU.ActiveCfg = Release|Any CPU
		{BBA58550-AD1F-402C-ACE4-32A531934745}.Release|Any CPU.Build.0 = Release|Any CPU
	EndGlobalSection
	GlobalSection(SolutionProperties) = preSolution
		HideSolutionNode = FALSE
	EndGlobalSection
	GlobalSection(ExtensibilityGlobals) = postSolution
		SolutionGuid = {98F4CC62-8925-473C-84A0-27D2C3F5A4AC}
	EndGlobalSection
EndGlobal
